
Microsoft Visual Studio Solution File, Format Version 12.00
# Visual Studio Version 16
VisualStudioVersion = 16.0.32901.82
MinimumVisualStudioVersion = 10.0.40219.1
Project("{FAE04EC0-301F-11D3-BF4B-00C04F79EFBC}") = "Image Classification", "Image Classification.csproj", "{8F85C46D-6C1C-47B9-9FBE-040009D042B1}"
EndProject
Global
	GlobalSection(SolutionConfigurationPlatforms) = preSolution
		Debug|Any CPU = Debug|Any CPU
		Release|Any CPU = Release|Any CPU
	EndGlobalSection
	GlobalSection(ProjectConfigurationPlatforms) = postSolution
		{8F85C46D-6C1C-47B9-9FBE-040009D042B1}.Debug|Any CPU.ActiveCfg = Debug|Any CPU
		{8F85C46D-6C1C-47B9-9FBE-040009D042B1}.Debug|Any CPU.Build.0 = Debug|Any CPU
		{8F85C46D-6C1C-47B9-9FBE-040009D042B1}.Release|Any CPU.ActiveCfg = Release|Any CPU
		{8F85C46D-6C1C-47B9-9FBE-040009D042B1}.Release|Any CPU.Build.0 = Release|Any CPU
	EndGlobalSection
	GlobalSection(SolutionProperties) = preSolution
		HideSolutionNode = FALSE
	EndGlobalSection
	GlobalSection(ExtensibilityGlobals) = postSolution
		SolutionGuid = {3C734683-9A63-4F07-BED7-3FF6E9CE8C96}
	EndGlobalSection
EndGlobal
